
Microsoft Visual Studio Solution File, Format Version 12.00
# Visual Studio Version 16
VisualStudioVersion = 16.0.30907.101
MinimumVisualStudioVersion = 10.0.40219.1
Project("{9A19103F-16F7-4668-BE54-9A1E7A4F7556}") = "Royalty.Insurance.SessionScheduler", "src\Royalty.Insurance.SessionScheduler\Royalty.Insurance.SessionScheduler.csproj", "{0DCEB0A0-4287-4CF2-82B1-47485309C99B}"
EndProject
Global
	GlobalSection(SolutionConfigurationPlatforms) = preSolution
		Debug|Any CPU = Debug|Any CPU
		Release|Any CPU = Release|Any CPU
	EndGlobalSection
	GlobalSection(ProjectConfigurationPlatforms) = postSolution
		{0DCEB0A0-4287-4CF2-82B1-47485309C99B}.Debug|Any CPU.ActiveCfg = Debug|Any CPU
		{0DCEB0A0-4287-4CF2-82B1-47485309C99B}.Debug|Any CPU.Build.0 = Debug|Any CPU
		{0DCEB0A0-4287-4CF2-82B1-47485309C99B}.Release|Any CPU.ActiveCfg = Release|Any CPU
		{0DCEB0A0-4287-4CF2-82B1-47485309C99B}.Release|Any CPU.Build.0 = Release|Any CPU
	EndGlobalSection
	GlobalSection(SolutionProperties) = preSolution
		HideSolutionNode = FALSE
	EndGlobalSection
	GlobalSection(ExtensibilityGlobals) = postSolution
		SolutionGuid = {6062EA11-562F-4F7E-B552-0EBC3701E7DF}
	EndGlobalSection
EndGlobal
